
Microsoft Visual Studio Solution File, Format Version 12.00
# Visual Studio Version 17
VisualStudioVersion = 17.10.34928.147
MinimumVisualStudioVersion = 10.0.40219.1
Project("{9A19103F-16F7-4668-BE54-9A1E7A4F7556}") = "Exo01", "Exo01\Exo01.csproj", "{C62BAAE0-E0F8-4194-A7A6-8D8609705F75}"
EndProject
Project("{9A19103F-16F7-4668-BE54-9A1E7A4F7556}") = "Exo02", "Exo02\Exo02.csproj", "{ACC80A2F-598E-4CE6-9A44-2B79392AE3DB}"
EndProject
Project("{9A19103F-16F7-4668-BE54-9A1E7A4F7556}") = "Exo03", "Exo03\Exo03.csproj", "{B78914C2-2A67-445E-BA59-57E4D5F472D3}"
EndProject
Project("{9A19103F-16F7-4668-BE54-9A1E7A4F7556}") = "Exo04", "Exo04\Exo04.csproj", "{A3E94F41-1604-45B3-A225-91F24E2309FE}"
EndProject
Project("{9A19103F-16F7-4668-BE54-9A1E7A4F7556}") = "Exo05", "Exo05\Exo05.csproj", "{70504F93-A0A5-4671-8819-79BF3768873A}"
EndProject
Project("{9A19103F-16F7-4668-BE54-9A1E7A4F7556}") = "Exo06", "Exo06\Exo06.csproj", "{7242F0B1-6605-40C1-BD24-706C0CD5A39A}"
EndProject
Project("{9A19103F-16F7-4668-BE54-9A1E7A4F7556}") = "Exo07_1", "Exo07_1\Exo07_1.csproj", "{CE03B194-D9CF-425F-88A5-4C992027081D}"
EndProject
Project("{9A19103F-16F7-4668-BE54-9A1E7A4F7556}") = "Exo07_2", "Exo07_2\Exo07_2.csproj", "{D933C75D-FCE9-4FF1-BEFE-3611B285DE8D}"
EndProject
Project("{FAE04EC0-301F-11D3-BF4B-00C04F79EFBC}") = "Exo08", "Exo_08\Exo08.csproj", "{64D0F1D3-DBC4-4EE8-82DE-41FA2BC3448E}"
EndProject
Global
	GlobalSection(SolutionConfigurationPlatforms) = preSolution
		Debug|Any CPU = Debug|Any CPU
		Release|Any CPU = Release|Any CPU
	EndGlobalSection
	GlobalSection(ProjectConfigurationPlatforms) = postSolution
		{C62BAAE0-E0F8-4194-A7A6-8D8609705F75}.Debug|Any CPU.ActiveCfg = Debug|Any CPU
		{C62BAAE0-E0F8-4194-A7A6-8D8609705F75}.Debug|Any CPU.Build.0 = Debug|Any CPU
		{C62BAAE0-E0F8-4194-A7A6-8D8609705F75}.Release|Any CPU.ActiveCfg = Release|Any CPU
		{C62BAAE0-E0F8-4194-A7A6-8D8609705F75}.Release|Any CPU.Build.0 = Release|Any CPU
		{ACC80A2F-598E-4CE6-9A44-2B79392AE3DB}.Debug|Any CPU.ActiveCfg = Debug|Any CPU
		{ACC80A2F-598E-4CE6-9A44-2B79392AE3DB}.Debug|Any CPU.Build.0 = Debug|Any CPU
		{ACC80A2F-598E-4CE6-9A44-2B79392AE3DB}.Release|Any CPU.ActiveCfg = Release|Any CPU
		{ACC80A2F-598E-4CE6-9A44-2B79392AE3DB}.Release|Any CPU.Build.0 = Release|Any CPU
		{B78914C2-2A67-445E-BA59-57E4D5F472D3}.Debug|Any CPU.ActiveCfg = Debug|Any CPU
		{B78914C2-2A67-445E-BA59-57E4D5F472D3}.Debug|Any CPU.Build.0 = Debug|Any CPU
		{B78914C2-2A67-445E-BA59-57E4D5F472D3}.Release|Any CPU.ActiveCfg = Release|Any CPU
		{B78914C2-2A67-445E-BA59-57E4D5F472D3}.Release|Any CPU.Build.0 = Release|Any CPU
		{A3E94F41-1604-45B3-A225-91F24E2309FE}.Debug|Any CPU.ActiveCfg = Debug|Any CPU
		{A3E94F41-1604-45B3-A225-91F24E2309FE}.Debug|Any CPU.Build.0 = Debug|Any CPU
		{A3E94F41-1604-45B3-A225-91F24E2309FE}.Release|Any CPU.ActiveCfg = Release|Any CPU
		{A3E94F41-1604-45B3-A225-91F24E2309FE}.Release|Any CPU.Build.0 = Release|Any CPU
		{70504F93-A0A5-4671-8819-79BF3768873A}.Debug|Any CPU.ActiveCfg = Debug|Any CPU
		{70504F93-A0A5-4671-8819-79BF3768873A}.Debug|Any CPU.Build.0 = Debug|Any CPU
		{70504F93-A0A5-4671-8819-79BF3768873A}.Release|Any CPU.ActiveCfg = Release|Any CPU
		{70504F93-A0A5-4671-8819-79BF3768873A}.Release|Any CPU.Build.0 = Release|Any CPU
		{7242F0B1-6605-40C1-BD24-706C0CD5A39A}.Debug|Any CPU.ActiveCfg = Debug|Any CPU
		{7242F0B1-6605-40C1-BD24-706C0CD5A39A}.Debug|Any CPU.Build.0 = Debug|Any CPU
		{7242F0B1-6605-40C1-BD24-706C0CD5A39A}.Release|Any CPU.ActiveCfg = Release|Any CPU
		{7242F0B1-6605-40C1-BD24-706C0CD5A39A}.Release|Any CPU.Build.0 = Release|Any CPU
		{CE03B194-D9CF-425F-88A5-4C992027081D}.Debug|Any CPU.ActiveCfg = Debug|Any CPU
		{CE03B194-D9CF-425F-88A5-4C992027081D}.Debug|Any CPU.Build.0 = Debug|Any CPU
		{CE03B194-D9CF-425F-88A5-4C992027081D}.Release|Any CPU.ActiveCfg = Release|Any CPU
		{CE03B194-D9CF-425F-88A5-4C992027081D}.Release|Any CPU.Build.0 = Release|Any CPU
		{D933C75D-FCE9-4FF1-BEFE-3611B285DE8D}.Debug|Any CPU.ActiveCfg = Debug|Any CPU
		{D933C75D-FCE9-4FF1-BEFE-3611B285DE8D}.Debug|Any CPU.Build.0 = Debug|Any CPU
		{D933C75D-FCE9-4FF1-BEFE-3611B285DE8D}.Release|Any CPU.ActiveCfg = Release|Any CPU
		{D933C75D-FCE9-4FF1-BEFE-3611B285DE8D}.Release|Any CPU.Build.0 = Release|Any CPU
		{64D0F1D3-DBC4-4EE8-82DE-41FA2BC3448E}.Debug|Any CPU.ActiveCfg = Debug|Any CPU
		{64D0F1D3-DBC4-4EE8-82DE-41FA2BC3448E}.Debug|Any CPU.Build.0 = Debug|Any CPU
		{64D0F1D3-DBC4-4EE8-82DE-41FA2BC3448E}.Release|Any CPU.ActiveCfg = Release|Any CPU
		{64D0F1D3-DBC4-4EE8-82DE-41FA2BC3448E}.Release|Any CPU.Build.0 = Release|Any CPU
	EndGlobalSection
	GlobalSection(SolutionProperties) = preSolution
		HideSolutionNode = FALSE
	EndGlobalSection
	GlobalSection(ExtensibilityGlobals) = postSolution
		SolutionGuid = {CBD37921-56F7-436F-A38E-A323D0B4F929}
	EndGlobalSection
EndGlobal
